
Microsoft Visual Studio Solution File, Format Version 12.00
# Visual Studio 2012
Project("{FAE04EC0-301F-11D3-BF4B-00C04F79EFBC}") = "DeckOfCards", "DeckOfCards\DeckOfCards.csproj", "{A349B283-6889-45E6-A0F5-A528AB2D6D67}"
EndProject
Global
	GlobalSection(SolutionConfigurationPlatforms) = preSolution
		Debug|Any CPU = Debug|Any CPU
		Release|Any CPU = Release|Any CPU
	EndGlobalSection
	GlobalSection(ProjectConfigurationPlatforms) = postSolution
		{A349B283-6889-45E6-A0F5-A528AB2D6D67}.Debug|Any CPU.ActiveCfg = Debug|Any CPU
		{A349B283-6889-45E6-A0F5-A528AB2D6D67}.Debug|Any CPU.Build.0 = Debug|Any CPU
		{A349B283-6889-45E6-A0F5-A528AB2D6D67}.Release|Any CPU.ActiveCfg = Release|Any CPU
		{A349B283-6889-45E6-A0F5-A528AB2D6D67}.Release|Any CPU.Build.0 = Release|Any CPU
	EndGlobalSection
	GlobalSection(SolutionProperties) = preSolution
		HideSolutionNode = FALSE
	EndGlobalSection
EndGlobal
